// !$*UTF8*$!
{
	archiveVersion = 1;
	classes = {
	};
	objectVersion = 77;
	objects = {

/* Begin PBXBuildFile section */
		C40469292DB89C15004A81D1 /* Sampler in Resources */ = {isa = PBXBuildFile; fileRef = C40469282DB89BC7004A81D1 /* Sampler */; };
		C404692B2DB89C9E004A81D1 /* Sampler in Resources */ = {isa = PBXBuildFile; fileRef = C40469282DB89BC7004A81D1 /* Sampler */; };
		C42F59F22DA14346000F56D5 /* AudioKit in Frameworks */ = {isa = PBXBuildFile; productRef = C42F59E82DA14346000F56D5 /* AudioKit */; };
		C42F59F32DA14346000F56D5 /* AudioKitUI in Frameworks */ = {isa = PBXBuildFile; productRef = C42F59EC2DA14346000F56D5 /* AudioKitUI */; };
		C42F59F42DA14346000F56D5 /* SoundpipeAudioKit in Frameworks */ = {isa = PBXBuildFile; productRef = C42F59EE2DA14346000F56D5 /* SoundpipeAudioKit */; };
		C42F59F52DA14346000F56D5 /* AudioKitEX in Frameworks */ = {isa = PBXBuildFile; productRef = C42F59EA2DA14346000F56D5 /* AudioKitEX */; };
		C458CB6A2DDB0F7F002F0121 /* README.md in Resources */ = {isa = PBXBuildFile; fileRef = C458CB692DDB0F7F002F0121 /* README.md */; };
		C458CB6B2DDB0F7F002F0121 /* README.md in Resources */ = {isa = PBXBuildFile; fileRef = C458CB692DDB0F7F002F0121 /* README.md */; };
		C458CB6D2DDB0F8D002F0121 /* LICENSE in Resources */ = {isa = PBXBuildFile; fileRef = C458CB6C2DDB0F8D002F0121 /* LICENSE */; };
		C458CB6E2DDB0F8D002F0121 /* LICENSE in Resources */ = {isa = PBXBuildFile; fileRef = C458CB6C2DDB0F8D002F0121 /* LICENSE */; };
		C47B3D432DA616DA00A624EB /* Keyboard in Frameworks */ = {isa = PBXBuildFile; productRef = C47B3D422DA616DA00A624EB /* Keyboard */; };
		C47B3D472DA616F100A624EB /* Keyboard in Frameworks */ = {isa = PBXBuildFile; productRef = C47B3D462DA616F100A624EB /* Keyboard */; };
		C48407672DA8DF2F009EBF2B /* Images in Resources */ = {isa = PBXBuildFile; fileRef = C48407602DA8DF05009EBF2B /* Images */; };
		C4E24A842D914ACB00E260C1 /* AudioKit in Frameworks */ = {isa = PBXBuildFile; productRef = C4E24A832D914ACB00E260C1 /* AudioKit */; };
		C4E24ACD2D914CD600E260C1 /* AudioKitEX in Frameworks */ = {isa = PBXBuildFile; productRef = C4E24ACC2D914CD600E260C1 /* AudioKitEX */; };
		C4E24AD02D914D0400E260C1 /* AudioKitUI in Frameworks */ = {isa = PBXBuildFile; productRef = C4E24ACF2D914D0400E260C1 /* AudioKitUI */; };
		C4E24AD32D914D1100E260C1 /* SoundpipeAudioKit in Frameworks */ = {isa = PBXBuildFile; productRef = C4E24AD22D914D1100E260C1 /* SoundpipeAudioKit */; };
/* End PBXBuildFile section */

/* Begin PBXCopyFilesBuildPhase section */
		C4868DAB2DDBFAEF007902DC /* Embed Watch Content */ = {
			isa = PBXCopyFilesBuildPhase;
			buildActionMask = 2147483647;
			dstPath = "$(CONTENTS_FOLDER_PATH)/Watch";
			dstSubfolderSpec = 16;
			files = (
			);
			name = "Embed Watch Content";
			runOnlyForDeploymentPostprocessing = 0;
		};
/* End PBXCopyFilesBuildPhase section */

/* Begin PBXFileReference section */
		C40469282DB89BC7004A81D1 /* Sampler */ = {isa = PBXFileReference; lastKnownFileType = folder; path = Sampler; sourceTree = "<group>"; };
		C42F59FA2DA14346000F56D5 /* MyTuner Dev.app */ = {isa = PBXFileReference; explicitFileType = wrapper.application; includeInIndex = 0; path = "MyTuner Dev.app"; sourceTree = BUILT_PRODUCTS_DIR; };
		C458CB692DDB0F7F002F0121 /* README.md */ = {isa = PBXFileReference; lastKnownFileType = net.daringfireball.markdown; path = README.md; sourceTree = "<group>"; };
		C458CB6C2DDB0F8D002F0121 /* LICENSE */ = {isa = PBXFileReference; lastKnownFileType = text; path = LICENSE; sourceTree = "<group>"; };
		C48407602DA8DF05009EBF2B /* Images */ = {isa = PBXFileReference; lastKnownFileType = folder; path = Images; sourceTree = "<group>"; };
		C4E24A712D914AAE00E260C1 /* MyTuner.app */ = {isa = PBXFileReference; explicitFileType = wrapper.application; includeInIndex = 0; path = MyTuner.app; sourceTree = BUILT_PRODUCTS_DIR; };
/* End PBXFileReference section */

/* Begin PBXFileSystemSynchronizedBuildFileExceptionSet section */
		C42F5A6E2DA1515E000F56D5 /* Exceptions for "Shared" folder in "MyTuner" target */ = {
			isa = PBXFileSystemSynchronizedBuildFileExceptionSet;
			membershipExceptions = (
				Assets.xcassets,
				Helper/AppIcon.swift,
				Helper/AppVersion.swift,
				Helper/MicPermission.swift,
				Helper/MyNavigationTitle.swift,
				"Launch Screen.storyboard",
				Model/Instrument.swift,
				Model/InstrumentDefinition.swift,
				Model/ModifierPreference.swift,
				Model/Note.swift,
				Model/ResponseSpeed.swift,
				Model/TuningMode.swift,
				View/Components/AudioKitView.swift,
				View/Components/MatchedNote.swift,
				View/Components/MinimalTopToolbar.swift,
				View/Components/TuningModePicker.swift,
				View/InstrumentView/MinimalInstrumentView.swift,
				View/SettingView/ListSettingsView.swift,
				View/SettingView/SettingValues.swift,
				View/TunerView.swift,
				View/TunerView/ArcTunerView/ref.png,
				View/TunerView/CircleTunerView/CircleTuner.swift,
				View/TunerView/CircleTunerView/CircleTunerView.swift,
				ViewModel/InstrumentConductor.swift,
				ViewModel/TunerConductor.swift,
			);
			target = C4E24A702D914AAE00E260C1 /* MyTuner */;
		};
		C42F5A712DA15175000F56D5 /* Exceptions for "Shared" folder in "MyTuner Dev" target */ = {
			isa = PBXFileSystemSynchronizedBuildFileExceptionSet;
			membershipExceptions = (
				Assets.xcassets,
				Helper/AppIcon.swift,
				Helper/AppVersion.swift,
				Helper/MicPermission.swift,
				Helper/MyNavigationTitle.swift,
				"Launch Screen.storyboard",
				Model/Instrument.swift,
				Model/InstrumentDefinition.swift,
				Model/ModifierPreference.swift,
				Model/Note.swift,
				Model/ResponseSpeed.swift,
				Model/TuningMode.swift,
				View/Components/AmplitudeLimitPicker.swift,
				View/Components/AudioKitView.swift,
				View/Components/MatchedNote.swift,
				View/Components/MinimalTopToolbar.swift,
				View/Components/NeumorphicButton.swift,
				View/Components/TuningModePicker.swift,
				View/InstrumentView/CookbookInstrumentEXSView.swift,
				View/InstrumentView/CookbookKeyboard.swift,
				View/InstrumentView/DevInstrumentView.swift,
				View/InstrumentView/MinimalInstrumentView.swift,
				View/SettingView/CustomSettingsView.swift,
				View/SettingView/ListSettingsView.swift,
				View/SettingView/SettingValues.swift,
				View/TunerView.swift,
				View/TunerView/ArcTunerView/ArcTunerView.swift,
				View/TunerView/ArcTunerView/ref.png,
				View/TunerView/CircleTunerView/CircleTuner.swift,
				View/TunerView/CircleTunerView/CircleTunerView.swift,
				View/TunerView/CookbookTuner/CookbookTunerView.swift,
				View/TunerView/MinimalTuner/MinimalTunerView.swift,
				View/TunerView/ProTunerView/CurrentMark.swift,
				View/TunerView/ProTunerView/MarkDistance.swift,
				View/TunerView/ProTunerView/ProTunerView.swift,
				View/TunerView/ProTunerView/TunerOne.swift,
				View/TunerView/ZenTunerView/Alignment.swift,
				"View/TunerView/ZenTunerView/Color+MusicalDistance.swift",
				View/TunerView/ZenTunerView/CurrentNoteMarker.swift,
				View/TunerView/ZenTunerView/NoteDistanceMarkers.swift,
				View/TunerView/ZenTunerView/NoteTicks.swift,
				View/TunerView/ZenTunerView/ZenTunerView.swift,
				ViewModel/InstrumentConductor.swift,
				ViewModel/TunerConductor.swift,
			);
			target = C42F59E72DA14346000F56D5 /* MyTuner Dev */;
		};
		C42F5A792DA151BA000F56D5 /* Exceptions for "MyTuner Dev" folder in "MyTuner Dev" target */ = {
			isa = PBXFileSystemSynchronizedBuildFileExceptionSet;
			membershipExceptions = (
				ContentView.swift,
				MyTunerDevApp.swift,
				Resource/InfoPlist.xcstrings,
				Resource/Localizable.xcstrings,
			);
			target = C42F59E72DA14346000F56D5 /* MyTuner Dev */;
		};
		C47B3DF12DA61AC100A624EB /* Exceptions for "MyTuner" folder in "MyTuner Dev" target */ = {
			isa = PBXFileSystemSynchronizedBuildFileExceptionSet;
			membershipExceptions = (
				ContentView.swift,
				Info.plist,
				MyTunerApp.swift,
				Resource/InfoPlist.xcstrings,
				Resource/Localizable.xcstrings,
			);
			target = C42F59E72DA14346000F56D5 /* MyTuner Dev */;
		};
		C47B3DF62DA61B7600A624EB /* Exceptions for "MyTuner" folder in "MyTuner" target */ = {
			isa = PBXFileSystemSynchronizedBuildFileExceptionSet;
			membershipExceptions = (
				Info.plist,
			);
			target = C4E24A702D914AAE00E260C1 /* MyTuner */;
		};
		C49455362DDB522900A22CF6 /* Exceptions for "Preview Content" folder in "MyTuner" target */ = {
			isa = PBXFileSystemSynchronizedBuildFileExceptionSet;
			membershipExceptions = (
				Sounds,
			);
			target = C4E24A702D914AAE00E260C1 /* MyTuner */;
		};
		C49455372DDB522900A22CF6 /* Exceptions for "Preview Content" folder in "MyTuner Dev" target */ = {
			isa = PBXFileSystemSynchronizedBuildFileExceptionSet;
			membershipExceptions = (
				Sounds,
			);
			target = C42F59E72DA14346000F56D5 /* MyTuner Dev */;
		};
/* End PBXFileSystemSynchronizedBuildFileExceptionSet section */

/* Begin PBXFileSystemSynchronizedRootGroup section */
		C42F5A142DA14410000F56D5 /* MyTuner Dev */ = {
			isa = PBXFileSystemSynchronizedRootGroup;
			exceptions = (
				C42F5A792DA151BA000F56D5 /* Exceptions for "MyTuner Dev" folder in "MyTuner Dev" target */,
			);
			path = "MyTuner Dev";
			sourceTree = "<group>";
		};
		C42F5A172DA1513F000F56D5 /* Shared */ = {
			isa = PBXFileSystemSynchronizedRootGroup;
			exceptions = (
				C42F5A6E2DA1515E000F56D5 /* Exceptions for "Shared" folder in "MyTuner" target */,
				C42F5A712DA15175000F56D5 /* Exceptions for "Shared" folder in "MyTuner Dev" target */,
			);
			path = Shared;
			sourceTree = "<group>";
		};
		C49455332DDB522900A22CF6 /* Preview Content */ = {
			isa = PBXFileSystemSynchronizedRootGroup;
			exceptions = (
				C49455362DDB522900A22CF6 /* Exceptions for "Preview Content" folder in "MyTuner" target */,
				C49455372DDB522900A22CF6 /* Exceptions for "Preview Content" folder in "MyTuner Dev" target */,
			);
			explicitFolders = (
				Sounds,
			);
			path = "Preview Content";
			sourceTree = "<group>";
		};
		C4E24A732D914AAE00E260C1 /* MyTuner */ = {
			isa = PBXFileSystemSynchronizedRootGroup;
			exceptions = (
				C47B3DF62DA61B7600A624EB /* Exceptions for "MyTuner" folder in "MyTuner" target */,
				C47B3DF12DA61AC100A624EB /* Exceptions for "MyTuner" folder in "MyTuner Dev" target */,
			);
			path = MyTuner;
			sourceTree = "<group>";
		};
/* End PBXFileSystemSynchronizedRootGroup section */

/* Begin PBXFrameworksBuildPhase section */
		C42F59F12DA14346000F56D5 /* Frameworks */ = {
			isa = PBXFrameworksBuildPhase;
			buildActionMask = 2147483647;
			files = (
				C42F59F22DA14346000F56D5 /* AudioKit in Frameworks */,
				C42F59F32DA14346000F56D5 /* AudioKitUI in Frameworks */,
				C47B3D432DA616DA00A624EB /* Keyboard in Frameworks */,
				C42F59F42DA14346000F56D5 /* SoundpipeAudioKit in Frameworks */,
				C42F59F52DA14346000F56D5 /* AudioKitEX in Frameworks */,
			);
			runOnlyForDeploymentPostprocessing = 0;
		};
		C4E24A6E2D914AAE00E260C1 /* Frameworks */ = {
			isa = PBXFrameworksBuildPhase;
			buildActionMask = 2147483647;
			files = (
				C4E24A842D914ACB00E260C1 /* AudioKit in Frameworks */,
				C4E24AD02D914D0400E260C1 /* AudioKitUI in Frameworks */,
				C47B3D472DA616F100A624EB /* Keyboard in Frameworks */,
				C4E24AD32D914D1100E260C1 /* SoundpipeAudioKit in Frameworks */,
				C4E24ACD2D914CD600E260C1 /* AudioKitEX in Frameworks */,
			);
			runOnlyForDeploymentPostprocessing = 0;
		};
/* End PBXFrameworksBuildPhase section */

/* Begin PBXGroup section */
		C47B3D412DA616DA00A624EB /* Frameworks */ = {
			isa = PBXGroup;
			children = (
			);
			name = Frameworks;
			sourceTree = "<group>";
		};
		C4E24A682D914AAE00E260C1 = {
			isa = PBXGroup;
			children = (
				C48407602DA8DF05009EBF2B /* Images */,
				C40469282DB89BC7004A81D1 /* Sampler */,
				C49455332DDB522900A22CF6 /* Preview Content */,
				C42F5A172DA1513F000F56D5 /* Shared */,
				C4E24A732D914AAE00E260C1 /* MyTuner */,
				C42F5A142DA14410000F56D5 /* MyTuner Dev */,
				C47B3D412DA616DA00A624EB /* Frameworks */,
				C4E24A722D914AAE00E260C1 /* Products */,
				C458CB692DDB0F7F002F0121 /* README.md */,
				C458CB6C2DDB0F8D002F0121 /* LICENSE */,
			);
			sourceTree = "<group>";
		};
		C4E24A722D914AAE00E260C1 /* Products */ = {
			isa = PBXGroup;
			children = (
				C4E24A712D914AAE00E260C1 /* MyTuner.app */,
				C42F59FA2DA14346000F56D5 /* MyTuner Dev.app */,
			);
			name = Products;
			sourceTree = "<group>";
		};
/* End PBXGroup section */

/* Begin PBXNativeTarget section */
		C42F59E72DA14346000F56D5 /* MyTuner Dev */ = {
			isa = PBXNativeTarget;
			buildConfigurationList = C42F59F72DA14346000F56D5 /* Build configuration list for PBXNativeTarget "MyTuner Dev" */;
			buildPhases = (
				C42F59F02DA14346000F56D5 /* Sources */,
				C42F59F12DA14346000F56D5 /* Frameworks */,
				C42F59F62DA14346000F56D5 /* Resources */,
			);
			buildRules = (
			);
			dependencies = (
			);
			fileSystemSynchronizedGroups = (
				C4E24A732D914AAE00E260C1 /* MyTuner */,
			);
			name = "MyTuner Dev";
			packageProductDependencies = (
				C42F59E82DA14346000F56D5 /* AudioKit */,
				C42F59EA2DA14346000F56D5 /* AudioKitEX */,
				C42F59EC2DA14346000F56D5 /* AudioKitUI */,
				C42F59EE2DA14346000F56D5 /* SoundpipeAudioKit */,
				C47B3D422DA616DA00A624EB /* Keyboard */,
			);
			productName = MyTuner;
			productReference = C42F59FA2DA14346000F56D5 /* MyTuner Dev.app */;
			productType = "com.apple.product-type.application";
		};
		C4E24A702D914AAE00E260C1 /* MyTuner */ = {
			isa = PBXNativeTarget;
			buildConfigurationList = C4E24A7F2D914AAE00E260C1 /* Build configuration list for PBXNativeTarget "MyTuner" */;
			buildPhases = (
				C4E24A6D2D914AAE00E260C1 /* Sources */,
				C4E24A6E2D914AAE00E260C1 /* Frameworks */,
				C4E24A6F2D914AAE00E260C1 /* Resources */,
				C4868DAB2DDBFAEF007902DC /* Embed Watch Content */,
			);
			buildRules = (
			);
			dependencies = (
			);
			fileSystemSynchronizedGroups = (
				C4E24A732D914AAE00E260C1 /* MyTuner */,
			);
			name = MyTuner;
			packageProductDependencies = (
				C4E24A832D914ACB00E260C1 /* AudioKit */,
				C4E24ACC2D914CD600E260C1 /* AudioKitEX */,
				C4E24ACF2D914D0400E260C1 /* AudioKitUI */,
				C4E24AD22D914D1100E260C1 /* SoundpipeAudioKit */,
				C47B3D462DA616F100A624EB /* Keyboard */,
			);
			productName = MyTuner;
			productReference = C4E24A712D914AAE00E260C1 /* MyTuner.app */;
			productType = "com.apple.product-type.application";
		};
/* End PBXNativeTarget section */

/* Begin PBXProject section */
		C4E24A692D914AAE00E260C1 /* Project object */ = {
			isa = PBXProject;
			attributes = {
				BuildIndependentTargetsInParallel = 1;
				LastSwiftUpdateCheck = 1630;
				LastUpgradeCheck = 1630;
				TargetAttributes = {
					C4E24A702D914AAE00E260C1 = {
						CreatedOnToolsVersion = 16.2;
					};
				};
			};
			buildConfigurationList = C4E24A6C2D914AAE00E260C1 /* Build configuration list for PBXProject "MyTuner" */;
			developmentRegion = en;
			hasScannedForEncodings = 0;
			knownRegions = (
				en,
				Base,
				"zh-Hans",
			);
			mainGroup = C4E24A682D914AAE00E260C1;
			minimizedProjectReferenceProxies = 1;
			packageReferences = (
				C4E24A822D914ACB00E260C1 /* XCRemoteSwiftPackageReference "AudioKit" */,
				C4E24ACB2D914CD600E260C1 /* XCRemoteSwiftPackageReference "AudioKitEX" */,
				C4E24ACE2D914D0300E260C1 /* XCRemoteSwiftPackageReference "AudioKitUI" */,
				C4E24AD12D914D1100E260C1 /* XCRemoteSwiftPackageReference "SoundpipeAudioKit" */,
				C47B3C972DA6165F00A624EB /* XCRemoteSwiftPackageReference "Keyboard" */,
			);
			preferredProjectObjectVersion = 77;
			productRefGroup = C4E24A722D914AAE00E260C1 /* Products */;
			projectDirPath = "";
			projectRoot = "";
			targets = (
				C4E24A702D914AAE00E260C1 /* MyTuner */,
				C42F59E72DA14346000F56D5 /* MyTuner Dev */,
			);
		};
/* End PBXProject section */

/* Begin PBXResourcesBuildPhase section */
		C42F59F62DA14346000F56D5 /* Resources */ = {
			isa = PBXResourcesBuildPhase;
			buildActionMask = 2147483647;
			files = (
				C404692B2DB89C9E004A81D1 /* Sampler in Resources */,
				C48407672DA8DF2F009EBF2B /* Images in Resources */,
				C458CB6D2DDB0F8D002F0121 /* LICENSE in Resources */,
				C458CB6A2DDB0F7F002F0121 /* README.md in Resources */,
			);
			runOnlyForDeploymentPostprocessing = 0;
		};
		C4E24A6F2D914AAE00E260C1 /* Resources */ = {
			isa = PBXResourcesBuildPhase;
			buildActionMask = 2147483647;
			files = (
				C40469292DB89C15004A81D1 /* Sampler in Resources */,
				C458CB6E2DDB0F8D002F0121 /* LICENSE in Resources */,
				C458CB6B2DDB0F7F002F0121 /* README.md in Resources */,
			);
			runOnlyForDeploymentPostprocessing = 0;
		};
/* End PBXResourcesBuildPhase section */

/* Begin PBXSourcesBuildPhase section */
		C42F59F02DA14346000F56D5 /* Sources */ = {
			isa = PBXSourcesBuildPhase;
			buildActionMask = 2147483647;
			files = (
			);
			runOnlyForDeploymentPostprocessing = 0;
		};
		C4E24A6D2D914AAE00E260C1 /* Sources */ = {
			isa = PBXSourcesBuildPhase;
			buildActionMask = 2147483647;
			files = (
			);
			runOnlyForDeploymentPostprocessing = 0;
		};
/* End PBXSourcesBuildPhase section */

/* Begin XCBuildConfiguration section */
		C42F59F82DA14346000F56D5 /* Debug */ = {
			isa = XCBuildConfiguration;
			buildSettings = {
				ASSETCATALOG_COMPILER_APPICON_NAME = AppIcon;
				ASSETCATALOG_COMPILER_GLOBAL_ACCENT_COLOR_NAME = AccentColor;
				ASSETCATALOG_COMPILER_INCLUDE_ALL_APPICON_ASSETS = YES;
				CODE_SIGN_ENTITLEMENTS = Shared/MyTuner.entitlements;
				CODE_SIGN_STYLE = Automatic;
				CURRENT_PROJECT_VERSION = 1;
				DEVELOPMENT_ASSET_PATHS = "Preview\\ Content";
				ENABLE_PREVIEWS = YES;
				GENERATE_INFOPLIST_FILE = YES;
				INFOPLIST_FILE = "MyTuner Dev/Info.plist";
				INFOPLIST_KEY_LSApplicationCategoryType = "public.app-category.music";
				INFOPLIST_KEY_NSAppleMusicUsageDescription = "";
				INFOPLIST_KEY_NSMicrophoneUsageDescription = "We use the microphone to analyze sound frequencies and help you tune your instrument accurately.";
				INFOPLIST_KEY_UIApplicationSupportsIndirectInputEvents = YES;
				INFOPLIST_KEY_UILaunchScreen_Generation = YES;
				INFOPLIST_KEY_UISupportedInterfaceOrientations_iPad = "UIInterfaceOrientationPortrait UIInterfaceOrientationPortraitUpsideDown UIInterfaceOrientationLandscapeLeft UIInterfaceOrientationLandscapeRight";
				INFOPLIST_KEY_UISupportedInterfaceOrientations_iPhone = "UIInterfaceOrientationPortrait UIInterfaceOrientationLandscapeLeft UIInterfaceOrientationLandscapeRight";
				IPHONEOS_DEPLOYMENT_TARGET = 16.6;
				LD_RUNPATH_SEARCH_PATHS = (
					"$(inherited)",
					"@executable_path/Frameworks",
				);
				MARKETING_VERSION = 1.0;
				PRODUCT_BUNDLE_IDENTIFIER = cc.wxmvv.MyTuner;
				PRODUCT_NAME = "$(TARGET_NAME)";
				SUPPORTED_PLATFORMS = "iphoneos iphonesimulator";
				SUPPORTS_MACCATALYST = YES;
				SWIFT_EMIT_LOC_STRINGS = YES;
				SWIFT_VERSION = 5.0;
				TARGETED_DEVICE_FAMILY = "1,2";
			};
			name = Debug;
		};
		C42F59F92DA14346000F56D5 /* Release */ = {
			isa = XCBuildConfiguration;
			buildSettings = {
				ASSETCATALOG_COMPILER_APPICON_NAME = AppIcon;
				ASSETCATALOG_COMPILER_GLOBAL_ACCENT_COLOR_NAME = AccentColor;
				ASSETCATALOG_COMPILER_INCLUDE_ALL_APPICON_ASSETS = YES;
				CODE_SIGN_ENTITLEMENTS = Shared/MyTuner.entitlements;
				CODE_SIGN_STYLE = Automatic;
				CURRENT_PROJECT_VERSION = 1;
				DEVELOPMENT_ASSET_PATHS = "Preview\\ Content";
				ENABLE_PREVIEWS = YES;
				GENERATE_INFOPLIST_FILE = YES;
				INFOPLIST_FILE = "MyTuner Dev/Info.plist";
				INFOPLIST_KEY_LSApplicationCategoryType = "public.app-category.music";
				INFOPLIST_KEY_NSAppleMusicUsageDescription = "";
				INFOPLIST_KEY_NSMicrophoneUsageDescription = "We use the microphone to analyze sound frequencies and help you tune your instrument accurately.";
				INFOPLIST_KEY_UIApplicationSupportsIndirectInputEvents = YES;
				INFOPLIST_KEY_UILaunchScreen_Generation = YES;
				INFOPLIST_KEY_UISupportedInterfaceOrientations_iPad = "UIInterfaceOrientationPortrait UIInterfaceOrientationPortraitUpsideDown UIInterfaceOrientationLandscapeLeft UIInterfaceOrientationLandscapeRight";
				INFOPLIST_KEY_UISupportedInterfaceOrientations_iPhone = "UIInterfaceOrientationPortrait UIInterfaceOrientationLandscapeLeft UIInterfaceOrientationLandscapeRight";
				IPHONEOS_DEPLOYMENT_TARGET = 16.6;
				LD_RUNPATH_SEARCH_PATHS = (
					"$(inherited)",
					"@executable_path/Frameworks",
				);
				MARKETING_VERSION = 1.0;
				PRODUCT_BUNDLE_IDENTIFIER = cc.wxmvv.MyTuner;
				PRODUCT_NAME = "$(TARGET_NAME)";
				SUPPORTED_PLATFORMS = "iphoneos iphonesimulator";
				SUPPORTS_MACCATALYST = YES;
				SWIFT_EMIT_LOC_STRINGS = YES;
				SWIFT_VERSION = 5.0;
				TARGETED_DEVICE_FAMILY = "1,2";
			};
			name = Release;
		};
		C4E24A7D2D914AAE00E260C1 /* Debug */ = {
			isa = XCBuildConfiguration;
			buildSettings = {
				ALWAYS_SEARCH_USER_PATHS = NO;
				ASSETCATALOG_COMPILER_GENERATE_SWIFT_ASSET_SYMBOL_EXTENSIONS = YES;
				CLANG_ANALYZER_LOCALIZABILITY_NONLOCALIZED = YES;
				CLANG_ANALYZER_NONNULL = YES;
				CLANG_ANALYZER_NUMBER_OBJECT_CONVERSION = YES_AGGRESSIVE;
				CLANG_CXX_LANGUAGE_STANDARD = "gnu++20";
				CLANG_ENABLE_MODULES = YES;
				CLANG_ENABLE_OBJC_ARC = YES;
				CLANG_ENABLE_OBJC_WEAK = YES;
				CLANG_WARN_BLOCK_CAPTURE_AUTORELEASING = YES;
				CLANG_WARN_BOOL_CONVERSION = YES;
				CLANG_WARN_COMMA = YES;
				CLANG_WARN_CONSTANT_CONVERSION = YES;
				CLANG_WARN_DEPRECATED_OBJC_IMPLEMENTATIONS = YES;
				CLANG_WARN_DIRECT_OBJC_ISA_USAGE = YES_ERROR;
				CLANG_WARN_DOCUMENTATION_COMMENTS = YES;
				CLANG_WARN_EMPTY_BODY = YES;
				CLANG_WARN_ENUM_CONVERSION = YES;
				CLANG_WARN_INFINITE_RECURSION = YES;
				CLANG_WARN_INT_CONVERSION = YES;
				CLANG_WARN_NON_LITERAL_NULL_CONVERSION = YES;
				CLANG_WARN_OBJC_IMPLICIT_RETAIN_SELF = YES;
				CLANG_WARN_OBJC_LITERAL_CONVERSION = YES;
				CLANG_WARN_OBJC_ROOT_CLASS = YES_ERROR;
				CLANG_WARN_QUOTED_INCLUDE_IN_FRAMEWORK_HEADER = YES;
				CLANG_WARN_RANGE_LOOP_ANALYSIS = YES;
				CLANG_WARN_STRICT_PROTOTYPES = YES;
				CLANG_WARN_SUSPICIOUS_MOVE = YES;
				CLANG_WARN_UNGUARDED_AVAILABILITY = YES_AGGRESSIVE;
				CLANG_WARN_UNREACHABLE_CODE = YES;
				CLANG_WARN__DUPLICATE_METHOD_MATCH = YES;
				COPY_PHASE_STRIP = NO;
				DEBUG_INFORMATION_FORMAT = dwarf;
				DEVELOPMENT_TEAM = DSHX4V92NH;
				ENABLE_STRICT_OBJC_MSGSEND = YES;
				ENABLE_TESTABILITY = YES;
				ENABLE_USER_SCRIPT_SANDBOXING = YES;
				GCC_C_LANGUAGE_STANDARD = gnu17;
				GCC_DYNAMIC_NO_PIC = NO;
				GCC_NO_COMMON_BLOCKS = YES;
				GCC_OPTIMIZATION_LEVEL = 0;
				GCC_PREPROCESSOR_DEFINITIONS = (
					"DEBUG=1",
					"$(inherited)",
				);
				GCC_WARN_64_TO_32_BIT_CONVERSION = YES;
				GCC_WARN_ABOUT_RETURN_TYPE = YES_ERROR;
				GCC_WARN_UNDECLARED_SELECTOR = YES;
				GCC_WARN_UNINITIALIZED_AUTOS = YES_AGGRESSIVE;
				GCC_WARN_UNUSED_FUNCTION = YES;
				GCC_WARN_UNUSED_VARIABLE = YES;
				INFOPLIST_KEY_NSAppleMusicUsageDescription = "";
				INFOPLIST_KEY_NSMicrophoneUsageDescription = "We use the microphone to analyze sound frequencies and help you tune your instrument accurately.";
				IPHONEOS_DEPLOYMENT_TARGET = 18.2;
				LOCALIZATION_PREFERS_STRING_CATALOGS = YES;
				MTL_ENABLE_DEBUG_INFO = INCLUDE_SOURCE;
				MTL_FAST_MATH = YES;
				ONLY_ACTIVE_ARCH = YES;
				SDKROOT = iphoneos;
				SWIFT_ACTIVE_COMPILATION_CONDITIONS = "DEBUG $(inherited)";
				SWIFT_EMIT_LOC_STRINGS = YES;
				SWIFT_OPTIMIZATION_LEVEL = "-Onone";
			};
			name = Debug;
		};
		C4E24A7E2D914AAE00E260C1 /* Release */ = {
			isa = XCBuildConfiguration;
			buildSettings = {
				ALWAYS_SEARCH_USER_PATHS = NO;
				ASSETCATALOG_COMPILER_GENERATE_SWIFT_ASSET_SYMBOL_EXTENSIONS = YES;
				CLANG_ANALYZER_LOCALIZABILITY_NONLOCALIZED = YES;
				CLANG_ANALYZER_NONNULL = YES;
				CLANG_ANALYZER_NUMBER_OBJECT_CONVERSION = YES_AGGRESSIVE;
				CLANG_CXX_LANGUAGE_STANDARD = "gnu++20";
				CLANG_ENABLE_MODULES = YES;
				CLANG_ENABLE_OBJC_ARC = YES;
				CLANG_ENABLE_OBJC_WEAK = YES;
				CLANG_WARN_BLOCK_CAPTURE_AUTORELEASING = YES;
				CLANG_WARN_BOOL_CONVERSION = YES;
				CLANG_WARN_COMMA = YES;
				CLANG_WARN_CONSTANT_CONVERSION = YES;
				CLANG_WARN_DEPRECATED_OBJC_IMPLEMENTATIONS = YES;
				CLANG_WARN_DIRECT_OBJC_ISA_USAGE = YES_ERROR;
				CLANG_WARN_DOCUMENTATION_COMMENTS = YES;
				CLANG_WARN_EMPTY_BODY = YES;
				CLANG_WARN_ENUM_CONVERSION = YES;
				CLANG_WARN_INFINITE_RECURSION = YES;
				CLANG_WARN_INT_CONVERSION = YES;
				CLANG_WARN_NON_LITERAL_NULL_CONVERSION = YES;
				CLANG_WARN_OBJC_IMPLICIT_RETAIN_SELF = YES;
				CLANG_WARN_OBJC_LITERAL_CONVERSION = YES;
				CLANG_WARN_OBJC_ROOT_CLASS = YES_ERROR;
				CLANG_WARN_QUOTED_INCLUDE_IN_FRAMEWORK_HEADER = YES;
				CLANG_WARN_RANGE_LOOP_ANALYSIS = YES;
				CLANG_WARN_STRICT_PROTOTYPES = YES;
				CLANG_WARN_SUSPICIOUS_MOVE = YES;
				CLANG_WARN_UNGUARDED_AVAILABILITY = YES_AGGRESSIVE;
				CLANG_WARN_UNREACHABLE_CODE = YES;
				CLANG_WARN__DUPLICATE_METHOD_MATCH = YES;
				COPY_PHASE_STRIP = NO;
				DEBUG_INFORMATION_FORMAT = "dwarf-with-dsym";
				DEVELOPMENT_TEAM = DSHX4V92NH;
				ENABLE_NS_ASSERTIONS = NO;
				ENABLE_STRICT_OBJC_MSGSEND = YES;
				ENABLE_USER_SCRIPT_SANDBOXING = YES;
				GCC_C_LANGUAGE_STANDARD = gnu17;
				GCC_NO_COMMON_BLOCKS = YES;
				GCC_WARN_64_TO_32_BIT_CONVERSION = YES;
				GCC_WARN_ABOUT_RETURN_TYPE = YES_ERROR;
				GCC_WARN_UNDECLARED_SELECTOR = YES;
				GCC_WARN_UNINITIALIZED_AUTOS = YES_AGGRESSIVE;
				GCC_WARN_UNUSED_FUNCTION = YES;
				GCC_WARN_UNUSED_VARIABLE = YES;
				INFOPLIST_KEY_NSAppleMusicUsageDescription = "";
				INFOPLIST_KEY_NSMicrophoneUsageDescription = "We use the microphone to analyze sound frequencies and help you tune your instrument accurately.";
				IPHONEOS_DEPLOYMENT_TARGET = 18.2;
				LOCALIZATION_PREFERS_STRING_CATALOGS = YES;
				MTL_ENABLE_DEBUG_INFO = NO;
				MTL_FAST_MATH = YES;
				SDKROOT = iphoneos;
				SWIFT_COMPILATION_MODE = wholemodule;
				SWIFT_EMIT_LOC_STRINGS = YES;
				VALIDATE_PRODUCT = YES;
			};
			name = Release;
		};
		C4E24A802D914AAE00E260C1 /* Debug */ = {
			isa = XCBuildConfiguration;
			buildSettings = {
				ASSETCATALOG_COMPILER_APPICON_NAME = AppIcon;
				ASSETCATALOG_COMPILER_GLOBAL_ACCENT_COLOR_NAME = AccentColor;
				ASSETCATALOG_COMPILER_INCLUDE_ALL_APPICON_ASSETS = YES;
				CODE_SIGN_ENTITLEMENTS = Shared/MyTuner.entitlements;
				CODE_SIGN_STYLE = Automatic;
				CURRENT_PROJECT_VERSION = 1;
				DEVELOPMENT_ASSET_PATHS = "Preview\\ Content";
				ENABLE_PREVIEWS = YES;
				GENERATE_INFOPLIST_FILE = YES;
				INFOPLIST_FILE = MyTuner/Info.plist;
				INFOPLIST_KEY_LSApplicationCategoryType = "public.app-category.music";
				INFOPLIST_KEY_NSAppleMusicUsageDescription = "";
				INFOPLIST_KEY_NSMicrophoneUsageDescription = "We use the microphone to analyze sound frequencies and help you tune your instrument accurately.";
				INFOPLIST_KEY_UIApplicationSupportsIndirectInputEvents = YES;
				INFOPLIST_KEY_UILaunchScreen_Generation = YES;
				INFOPLIST_KEY_UISupportedInterfaceOrientations_iPad = "UIInterfaceOrientationPortrait UIInterfaceOrientationPortraitUpsideDown UIInterfaceOrientationLandscapeLeft UIInterfaceOrientationLandscapeRight";
				INFOPLIST_KEY_UISupportedInterfaceOrientations_iPhone = "UIInterfaceOrientationPortrait UIInterfaceOrientationLandscapeLeft UIInterfaceOrientationLandscapeRight";
				IPHONEOS_DEPLOYMENT_TARGET = 16.6;
				LD_RUNPATH_SEARCH_PATHS = (
					"$(inherited)",
					"@executable_path/Frameworks",
				);
				MARKETING_VERSION = 1.0;
				PRODUCT_BUNDLE_IDENTIFIER = cc.wxmvv.MyTuner;
				PRODUCT_NAME = "$(TARGET_NAME)";
				SUPPORTED_PLATFORMS = "iphoneos iphonesimulator";
				SUPPORTS_MACCATALYST = YES;
				SWIFT_EMIT_LOC_STRINGS = YES;
				SWIFT_VERSION = 5.0;
				TARGETED_DEVICE_FAMILY = "1,2";
			};
			name = Debug;
		};
		C4E24A812D914AAE00E260C1 /* Release */ = {
			isa = XCBuildConfiguration;
			buildSettings = {
				ASSETCATALOG_COMPILER_APPICON_NAME = AppIcon;
				ASSETCATALOG_COMPILER_GLOBAL_ACCENT_COLOR_NAME = AccentColor;
				ASSETCATALOG_COMPILER_INCLUDE_ALL_APPICON_ASSETS = YES;
				CODE_SIGN_ENTITLEMENTS = Shared/MyTuner.entitlements;
				CODE_SIGN_STYLE = Automatic;
				CURRENT_PROJECT_VERSION = 1;
				DEVELOPMENT_ASSET_PATHS = "Preview\\ Content";
				ENABLE_PREVIEWS = YES;
				GENERATE_INFOPLIST_FILE = YES;
				INFOPLIST_FILE = MyTuner/Info.plist;
				INFOPLIST_KEY_LSApplicationCategoryType = "public.app-category.music";
				INFOPLIST_KEY_NSAppleMusicUsageDescription = "";
				INFOPLIST_KEY_NSMicrophoneUsageDescription = "We use the microphone to analyze sound frequencies and help you tune your instrument accurately.";
				INFOPLIST_KEY_UIApplicationSupportsIndirectInputEvents = YES;
				INFOPLIST_KEY_UILaunchScreen_Generation = YES;
				INFOPLIST_KEY_UISupportedInterfaceOrientations_iPad = "UIInterfaceOrientationPortrait UIInterfaceOrientationPortraitUpsideDown UIInterfaceOrientationLandscapeLeft UIInterfaceOrientationLandscapeRight";
				INFOPLIST_KEY_UISupportedInterfaceOrientations_iPhone = "UIInterfaceOrientationPortrait UIInterfaceOrientationLandscapeLeft UIInterfaceOrientationLandscapeRight";
				IPHONEOS_DEPLOYMENT_TARGET = 16.6;
				LD_RUNPATH_SEARCH_PATHS = (
					"$(inherited)",
					"@executable_path/Frameworks",
				);
				MARKETING_VERSION = 1.0;
				PRODUCT_BUNDLE_IDENTIFIER = cc.wxmvv.MyTuner;
				PRODUCT_NAME = "$(TARGET_NAME)";
				SUPPORTED_PLATFORMS = "iphoneos iphonesimulator";
				SUPPORTS_MACCATALYST = YES;
				SWIFT_EMIT_LOC_STRINGS = YES;
				SWIFT_VERSION = 5.0;
				TARGETED_DEVICE_FAMILY = "1,2";
			};
			name = Release;
		};
/* End XCBuildConfiguration section */

/* Begin XCConfigurationList section */
		C42F59F72DA14346000F56D5 /* Build configuration list for PBXNativeTarget "MyTuner Dev" */ = {
			isa = XCConfigurationList;
			buildConfigurations = (
				C42F59F82DA14346000F56D5 /* Debug */,
				C42F59F92DA14346000F56D5 /* Release */,
			);
			defaultConfigurationIsVisible = 0;
			defaultConfigurationName = Release;
		};
		C4E24A6C2D914AAE00E260C1 /* Build configuration list for PBXProject "MyTuner" */ = {
			isa = XCConfigurationList;
			buildConfigurations = (
				C4E24A7D2D914AAE00E260C1 /* Debug */,
				C4E24A7E2D914AAE00E260C1 /* Release */,
			);
			defaultConfigurationIsVisible = 0;
			defaultConfigurationName = Release;
		};
		C4E24A7F2D914AAE00E260C1 /* Build configuration list for PBXNativeTarget "MyTuner" */ = {
			isa = XCConfigurationList;
			buildConfigurations = (
				C4E24A802D914AAE00E260C1 /* Debug */,
				C4E24A812D914AAE00E260C1 /* Release */,
			);
			defaultConfigurationIsVisible = 0;
			defaultConfigurationName = Release;
		};
/* End XCConfigurationList section */

/* Begin XCRemoteSwiftPackageReference section */
		C42F59E92DA14346000F56D5 /* XCRemoteSwiftPackageReference "AudioKit" */ = {
			isa = XCRemoteSwiftPackageReference;
			repositoryURL = "https://github.com/AudioKit/AudioKit.git";
			requirement = {
				kind = upToNextMajorVersion;
				minimumVersion = 5.6.5;
			};
		};
		C42F59EB2DA14346000F56D5 /* XCRemoteSwiftPackageReference "AudioKitEX" */ = {
			isa = XCRemoteSwiftPackageReference;
			repositoryURL = "https://github.com/AudioKit/AudioKitEX.git";
			requirement = {
				kind = upToNextMajorVersion;
				minimumVersion = 5.6.1;
			};
		};
		C42F59ED2DA14346000F56D5 /* XCRemoteSwiftPackageReference "AudioKitUI" */ = {
			isa = XCRemoteSwiftPackageReference;
			repositoryURL = "https://github.com/AudioKit/AudioKitUI.git";
			requirement = {
				kind = upToNextMajorVersion;
				minimumVersion = 0.3.7;
			};
		};
		C42F59EF2DA14346000F56D5 /* XCRemoteSwiftPackageReference "SoundpipeAudioKit" */ = {
			isa = XCRemoteSwiftPackageReference;
			repositoryURL = "https://github.com/AudioKit/SoundpipeAudioKit.git";
			requirement = {
				kind = upToNextMajorVersion;
				minimumVersion = 5.6.1;
			};
		};
		C47B3C972DA6165F00A624EB /* XCRemoteSwiftPackageReference "Keyboard" */ = {
			isa = XCRemoteSwiftPackageReference;
			repositoryURL = "https://github.com/AudioKit/Keyboard.git";
			requirement = {
				kind = upToNextMajorVersion;
				minimumVersion = 1.4.1;
			};
		};
		C4E24A822D914ACB00E260C1 /* XCRemoteSwiftPackageReference "AudioKit" */ = {
			isa = XCRemoteSwiftPackageReference;
			repositoryURL = "https://github.com/AudioKit/AudioKit.git";
			requirement = {
				kind = upToNextMajorVersion;
				minimumVersion = 5.6.5;
			};
		};
		C4E24ACB2D914CD600E260C1 /* XCRemoteSwiftPackageReference "AudioKitEX" */ = {
			isa = XCRemoteSwiftPackageReference;
			repositoryURL = "https://github.com/AudioKit/AudioKitEX.git";
			requirement = {
				kind = upToNextMajorVersion;
				minimumVersion = 5.6.1;
			};
		};
		C4E24ACE2D914D0300E260C1 /* XCRemoteSwiftPackageReference "AudioKitUI" */ = {
			isa = XCRemoteSwiftPackageReference;
			repositoryURL = "https://github.com/AudioKit/AudioKitUI.git";
			requirement = {
				kind = upToNextMajorVersion;
				minimumVersion = 0.3.7;
			};
		};
		C4E24AD12D914D1100E260C1 /* XCRemoteSwiftPackageReference "SoundpipeAudioKit" */ = {
			isa = XCRemoteSwiftPackageReference;
			repositoryURL = "https://github.com/AudioKit/SoundpipeAudioKit.git";
			requirement = {
				kind = upToNextMajorVersion;
				minimumVersion = 5.6.1;
			};
		};
/* End XCRemoteSwiftPackageReference section */

/* Begin XCSwiftPackageProductDependency section */
		C42F59E82DA14346000F56D5 /* AudioKit */ = {
			isa = XCSwiftPackageProductDependency;
			package = C42F59E92DA14346000F56D5 /* XCRemoteSwiftPackageReference "AudioKit" */;
			productName = AudioKit;
		};
		C42F59EA2DA14346000F56D5 /* AudioKitEX */ = {
			isa = XCSwiftPackageProductDependency;
			package = C42F59EB2DA14346000F56D5 /* XCRemoteSwiftPackageReference "AudioKitEX" */;
			productName = AudioKitEX;
		};
		C42F59EC2DA14346000F56D5 /* AudioKitUI */ = {
			isa = XCSwiftPackageProductDependency;
			package = C42F59ED2DA14346000F56D5 /* XCRemoteSwiftPackageReference "AudioKitUI" */;
			productName = AudioKitUI;
		};
		C42F59EE2DA14346000F56D5 /* SoundpipeAudioKit */ = {
			isa = XCSwiftPackageProductDependency;
			package = C42F59EF2DA14346000F56D5 /* XCRemoteSwiftPackageReference "SoundpipeAudioKit" */;
			productName = SoundpipeAudioKit;
		};
		C47B3D422DA616DA00A624EB /* Keyboard */ = {
			isa = XCSwiftPackageProductDependency;
			package = C47B3C972DA6165F00A624EB /* XCRemoteSwiftPackageReference "Keyboard" */;
			productName = Keyboard;
		};
		C47B3D462DA616F100A624EB /* Keyboard */ = {
			isa = XCSwiftPackageProductDependency;
			package = C47B3C972DA6165F00A624EB /* XCRemoteSwiftPackageReference "Keyboard" */;
			productName = Keyboard;
		};
		C4E24A832D914ACB00E260C1 /* AudioKit */ = {
			isa = XCSwiftPackageProductDependency;
			package = C4E24A822D914ACB00E260C1 /* XCRemoteSwiftPackageReference "AudioKit" */;
			productName = AudioKit;
		};
		C4E24ACC2D914CD600E260C1 /* AudioKitEX */ = {
			isa = XCSwiftPackageProductDependency;
			package = C4E24ACB2D914CD600E260C1 /* XCRemoteSwiftPackageReference "AudioKitEX" */;
			productName = AudioKitEX;
		};
		C4E24ACF2D914D0400E260C1 /* AudioKitUI */ = {
			isa = XCSwiftPackageProductDependency;
			package = C4E24ACE2D914D0300E260C1 /* XCRemoteSwiftPackageReference "AudioKitUI" */;
			productName = AudioKitUI;
		};
		C4E24AD22D914D1100E260C1 /* SoundpipeAudioKit */ = {
			isa = XCSwiftPackageProductDependency;
			package = C4E24AD12D914D1100E260C1 /* XCRemoteSwiftPackageReference "SoundpipeAudioKit" */;
			productName = SoundpipeAudioKit;
		};
/* End XCSwiftPackageProductDependency section */
	};
	rootObject = C4E24A692D914AAE00E260C1 /* Project object */;
}
